// !$*UTF8*$!
{
	archiveVersion = 1;
	classes = {
	};
	objectVersion = 56;
	objects = {

/* Begin PBXBuildFile section */
		2B1480C129A907AF00770445 /* AppDelegate.swift in Sources */ = {isa = PBXBuildFile; fileRef = 2B1480C029A907AF00770445 /* AppDelegate.swift */; };
		2B1480C329A907AF00770445 /* SceneDelegate.swift in Sources */ = {isa = PBXBuildFile; fileRef = 2B1480C229A907AF00770445 /* SceneDelegate.swift */; };
		2B1480C529A907AF00770445 /* MainTabBarViewController.swift in Sources */ = {isa = PBXBuildFile; fileRef = 2B1480C429A907AF00770445 /* MainTabBarViewController.swift */; };
		2B1480CA29A907B000770445 /* Assets.xcassets in Resources */ = {isa = PBXBuildFile; fileRef = 2B1480C929A907B000770445 /* Assets.xcassets */; };
		2B1480CD29A907B000770445 /* LaunchScreen.storyboard in Resources */ = {isa = PBXBuildFile; fileRef = 2B1480CB29A907B000770445 /* LaunchScreen.storyboard */; };
		2B1480D629A90EF500770445 /* HomeViewController.swift in Sources */ = {isa = PBXBuildFile; fileRef = 2B1480D529A90EF500770445 /* HomeViewController.swift */; };
		2B1480D829A90F2400770445 /* UpcomingViewController.swift in Sources */ = {isa = PBXBuildFile; fileRef = 2B1480D729A90F2400770445 /* UpcomingViewController.swift */; };
		2B1480DA29A90F6F00770445 /* SearchViewController.swift in Sources */ = {isa = PBXBuildFile; fileRef = 2B1480D929A90F6F00770445 /* SearchViewController.swift */; };
		2B1480DC29A90FB200770445 /* DownloadsViewController.swift in Sources */ = {isa = PBXBuildFile; fileRef = 2B1480DB29A90FB200770445 /* DownloadsViewController.swift */; };
		2B1480E329A9214300770445 /* CollectionViewTableViewCell.swift in Sources */ = {isa = PBXBuildFile; fileRef = 2B1480E229A9214300770445 /* CollectionViewTableViewCell.swift */; };
		2B1480E529AE3E3B00770445 /* HeroHeaderUIView.swift in Sources */ = {isa = PBXBuildFile; fileRef = 2B1480E429AE3E3B00770445 /* HeroHeaderUIView.swift */; };
		2B27123F29B9540900C44844 /* SDWebImage in Frameworks */ = {isa = PBXBuildFile; productRef = 2B27123E29B9540900C44844 /* SDWebImage */; };
		2B27124129B9540900C44844 /* SDWebImageMapKit in Frameworks */ = {isa = PBXBuildFile; productRef = 2B27124029B9540900C44844 /* SDWebImageMapKit */; };
		2B44BB6E29B40B2A007ADC50 /* APICaller.swift in Sources */ = {isa = PBXBuildFile; fileRef = 2B44BB6D29B40B2A007ADC50 /* APICaller.swift */; };
		2B44BB7029B61737007ADC50 /* Title.swift in Sources */ = {isa = PBXBuildFile; fileRef = 2B44BB6F29B61737007ADC50 /* Title.swift */; };
		2B44BB7229B62140007ADC50 /* Extensions.swift in Sources */ = {isa = PBXBuildFile; fileRef = 2B44BB7129B62140007ADC50 /* Extensions.swift */; };
		2B44BB7629B7EC8C007ADC50 /* TitleCollectionViewCell.swift in Sources */ = {isa = PBXBuildFile; fileRef = 2B44BB7529B7EC8C007ADC50 /* TitleCollectionViewCell.swift */; };
		2B6EF90729BA3169008856FA /* TitleTableViewCell.swift in Sources */ = {isa = PBXBuildFile; fileRef = 2B6EF90629BA3169008856FA /* TitleTableViewCell.swift */; };
		2B6EF90929BA3992008856FA /* TitleViewModel.swift in Sources */ = {isa = PBXBuildFile; fileRef = 2B6EF90829BA3992008856FA /* TitleViewModel.swift */; };
/* End PBXBuildFile section */

/* Begin PBXFileReference section */
		2B1480BD29A907AF00770445 /* Netflix Clone.app */ = {isa = PBXFileReference; explicitFileType = wrapper.application; includeInIndex = 0; path = "Netflix Clone.app"; sourceTree = BUILT_PRODUCTS_DIR; };
		2B1480C029A907AF00770445 /* AppDelegate.swift */ = {isa = PBXFileReference; lastKnownFileType = sourcecode.swift; path = AppDelegate.swift; sourceTree = "<group>"; };
		2B1480C229A907AF00770445 /* SceneDelegate.swift */ = {isa = PBXFileReference; lastKnownFileType = sourcecode.swift; path = SceneDelegate.swift; sourceTree = "<group>"; };
		2B1480C429A907AF00770445 /* MainTabBarViewController.swift */ = {isa = PBXFileReference; lastKnownFileType = sourcecode.swift; path = MainTabBarViewController.swift; sourceTree = "<group>"; };
		2B1480C929A907B000770445 /* Assets.xcassets */ = {isa = PBXFileReference; lastKnownFileType = folder.assetcatalog; path = Assets.xcassets; sourceTree = "<group>"; };
		2B1480CC29A907B000770445 /* Base */ = {isa = PBXFileReference; lastKnownFileType = file.storyboard; name = Base; path = Base.lproj/LaunchScreen.storyboard; sourceTree = "<group>"; };
		2B1480CE29A907B000770445 /* Info.plist */ = {isa = PBXFileReference; lastKnownFileType = text.plist.xml; path = Info.plist; sourceTree = "<group>"; };
		2B1480D529A90EF500770445 /* HomeViewController.swift */ = {isa = PBXFileReference; lastKnownFileType = sourcecode.swift; path = HomeViewController.swift; sourceTree = "<group>"; };
		2B1480D729A90F2400770445 /* UpcomingViewController.swift */ = {isa = PBXFileReference; lastKnownFileType = sourcecode.swift; path = UpcomingViewController.swift; sourceTree = "<group>"; };
		2B1480D929A90F6F00770445 /* SearchViewController.swift */ = {isa = PBXFileReference; lastKnownFileType = sourcecode.swift; path = SearchViewController.swift; sourceTree = "<group>"; };
		2B1480DB29A90FB200770445 /* DownloadsViewController.swift */ = {isa = PBXFileReference; lastKnownFileType = sourcecode.swift; path = DownloadsViewController.swift; sourceTree = "<group>"; };
		2B1480E229A9214300770445 /* CollectionViewTableViewCell.swift */ = {isa = PBXFileReference; lastKnownFileType = sourcecode.swift; path = CollectionViewTableViewCell.swift; sourceTree = "<group>"; };
		2B1480E429AE3E3B00770445 /* HeroHeaderUIView.swift */ = {isa = PBXFileReference; lastKnownFileType = sourcecode.swift; path = HeroHeaderUIView.swift; sourceTree = "<group>"; };
		2B44BB6D29B40B2A007ADC50 /* APICaller.swift */ = {isa = PBXFileReference; lastKnownFileType = sourcecode.swift; path = APICaller.swift; sourceTree = "<group>"; };
		2B44BB6F29B61737007ADC50 /* Title.swift */ = {isa = PBXFileReference; lastKnownFileType = sourcecode.swift; path = Title.swift; sourceTree = "<group>"; };
		2B44BB7129B62140007ADC50 /* Extensions.swift */ = {isa = PBXFileReference; lastKnownFileType = sourcecode.swift; path = Extensions.swift; sourceTree = "<group>"; };
		2B44BB7529B7EC8C007ADC50 /* TitleCollectionViewCell.swift */ = {isa = PBXFileReference; lastKnownFileType = sourcecode.swift; path = TitleCollectionViewCell.swift; sourceTree = "<group>"; };
		2B6EF90629BA3169008856FA /* TitleTableViewCell.swift */ = {isa = PBXFileReference; lastKnownFileType = sourcecode.swift; path = TitleTableViewCell.swift; sourceTree = "<group>"; };
		2B6EF90829BA3992008856FA /* TitleViewModel.swift */ = {isa = PBXFileReference; lastKnownFileType = sourcecode.swift; path = TitleViewModel.swift; sourceTree = "<group>"; };
/* End PBXFileReference section */

/* Begin PBXFrameworksBuildPhase section */
		2B1480BA29A907AF00770445 /* Frameworks */ = {
			isa = PBXFrameworksBuildPhase;
			buildActionMask = 2147483647;
			files = (
				2B27124129B9540900C44844 /* SDWebImageMapKit in Frameworks */,
				2B27123F29B9540900C44844 /* SDWebImage in Frameworks */,
			);
			runOnlyForDeploymentPostprocessing = 0;
		};
/* End PBXFrameworksBuildPhase section */

/* Begin PBXGroup section */
		2B1480B429A907AF00770445 = {
			isa = PBXGroup;
			children = (
				2B1480BF29A907AF00770445 /* Netflix Clone */,
				2B1480BE29A907AF00770445 /* Products */,
			);
			sourceTree = "<group>";
		};
		2B1480BE29A907AF00770445 /* Products */ = {
			isa = PBXGroup;
			children = (
				2B1480BD29A907AF00770445 /* Netflix Clone.app */,
			);
			name = Products;
			sourceTree = "<group>";
		};
		2B1480BF29A907AF00770445 /* Netflix Clone */ = {
			isa = PBXGroup;
			children = (
				2B1480E129A920C900770445 /* Managers */,
				2B1480E029A920BE00770445 /* Resources */,
				2B1480DF29A9208200770445 /* Models */,
				2B1480DE29A9207800770445 /* ViewModels */,
				2B1480DD29A9206D00770445 /* Views */,
				2B1480D429A90EE600770445 /* Controllers */,
				2B1480C029A907AF00770445 /* AppDelegate.swift */,
				2B1480C229A907AF00770445 /* SceneDelegate.swift */,
				2B1480C429A907AF00770445 /* MainTabBarViewController.swift */,
				2B1480C929A907B000770445 /* Assets.xcassets */,
				2B1480CB29A907B000770445 /* LaunchScreen.storyboard */,
				2B1480CE29A907B000770445 /* Info.plist */,
			);
			path = "Netflix Clone";
			sourceTree = "<group>";
		};
		2B1480D429A90EE600770445 /* Controllers */ = {
			isa = PBXGroup;
			children = (
				2B1480D529A90EF500770445 /* HomeViewController.swift */,
				2B1480D729A90F2400770445 /* UpcomingViewController.swift */,
				2B1480D929A90F6F00770445 /* SearchViewController.swift */,
				2B1480DB29A90FB200770445 /* DownloadsViewController.swift */,
			);
			path = Controllers;
			sourceTree = "<group>";
		};
		2B1480DD29A9206D00770445 /* Views */ = {
			isa = PBXGroup;
			children = (
				2B1480E229A9214300770445 /* CollectionViewTableViewCell.swift */,
				2B1480E429AE3E3B00770445 /* HeroHeaderUIView.swift */,
				2B44BB7529B7EC8C007ADC50 /* TitleCollectionViewCell.swift */,
				2B6EF90629BA3169008856FA /* TitleTableViewCell.swift */,
			);
			path = Views;
			sourceTree = "<group>";
		};
		2B1480DE29A9207800770445 /* ViewModels */ = {
			isa = PBXGroup;
			children = (
				2B6EF90829BA3992008856FA /* TitleViewModel.swift */,
			);
			path = ViewModels;
			sourceTree = "<group>";
		};
		2B1480DF29A9208200770445 /* Models */ = {
			isa = PBXGroup;
			children = (
				2B44BB6F29B61737007ADC50 /* Title.swift */,
			);
			path = Models;
			sourceTree = "<group>";
		};
		2B1480E029A920BE00770445 /* Resources */ = {
			isa = PBXGroup;
			children = (
				2B44BB7129B62140007ADC50 /* Extensions.swift */,
			);
			path = Resources;
			sourceTree = "<group>";
		};
		2B1480E129A920C900770445 /* Managers */ = {
			isa = PBXGroup;
			children = (
				2B44BB6D29B40B2A007ADC50 /* APICaller.swift */,
			);
			path = Managers;
			sourceTree = "<group>";
		};
/* End PBXGroup section */

/* Begin PBXNativeTarget section */
		2B1480BC29A907AF00770445 /* Netflix Clone */ = {
			isa = PBXNativeTarget;
			buildConfigurationList = 2B1480D129A907B000770445 /* Build configuration list for PBXNativeTarget "Netflix Clone" */;
			buildPhases = (
				2B1480B929A907AF00770445 /* Sources */,
				2B1480BA29A907AF00770445 /* Frameworks */,
				2B1480BB29A907AF00770445 /* Resources */,
			);
			buildRules = (
			);
			dependencies = (
			);
			name = "Netflix Clone";
			packageProductDependencies = (
				2B27123E29B9540900C44844 /* SDWebImage */,
				2B27124029B9540900C44844 /* SDWebImageMapKit */,
			);
			productName = "Netflix Clone";
			productReference = 2B1480BD29A907AF00770445 /* Netflix Clone.app */;
			productType = "com.apple.product-type.application";
		};
/* End PBXNativeTarget section */

/* Begin PBXProject section */
		2B1480B529A907AF00770445 /* Project object */ = {
			isa = PBXProject;
			attributes = {
				BuildIndependentTargetsInParallel = 1;
				LastSwiftUpdateCheck = 1420;
				LastUpgradeCheck = 1420;
				TargetAttributes = {
					2B1480BC29A907AF00770445 = {
						CreatedOnToolsVersion = 14.2;
					};
				};
			};
			buildConfigurationList = 2B1480B829A907AF00770445 /* Build configuration list for PBXProject "Netflix Clone" */;
			compatibilityVersion = "Xcode 14.0";
			developmentRegion = en;
			hasScannedForEncodings = 0;
			knownRegions = (
				en,
				Base,
			);
			mainGroup = 2B1480B429A907AF00770445;
			packageReferences = (
				2B27123D29B9540900C44844 /* XCRemoteSwiftPackageReference "SDWebImage" */,
			);
			productRefGroup = 2B1480BE29A907AF00770445 /* Products */;
			projectDirPath = "";
			projectRoot = "";
			targets = (
				2B1480BC29A907AF00770445 /* Netflix Clone */,
			);
		};
/* End PBXProject section */

/* Begin PBXResourcesBuildPhase section */
		2B1480BB29A907AF00770445 /* Resources */ = {
			isa = PBXResourcesBuildPhase;
			buildActionMask = 2147483647;
			files = (
				2B1480CD29A907B000770445 /* LaunchScreen.storyboard in Resources */,
				2B1480CA29A907B000770445 /* Assets.xcassets in Resources */,
			);
			runOnlyForDeploymentPostprocessing = 0;
		};
/* End PBXResourcesBuildPhase section */

/* Begin PBXSourcesBuildPhase section */
		2B1480B929A907AF00770445 /* Sources */ = {
			isa = PBXSourcesBuildPhase;
			buildActionMask = 2147483647;
			files = (
				2B6EF90729BA3169008856FA /* TitleTableViewCell.swift in Sources */,
				2B1480DA29A90F6F00770445 /* SearchViewController.swift in Sources */,
				2B44BB7629B7EC8C007ADC50 /* TitleCollectionViewCell.swift in Sources */,
				2B1480C529A907AF00770445 /* MainTabBarViewController.swift in Sources */,
				2B1480E329A9214300770445 /* CollectionViewTableViewCell.swift in Sources */,
				2B44BB6E29B40B2A007ADC50 /* APICaller.swift in Sources */,
				2B1480E529AE3E3B00770445 /* HeroHeaderUIView.swift in Sources */,
				2B1480DC29A90FB200770445 /* DownloadsViewController.swift in Sources */,
				2B1480C129A907AF00770445 /* AppDelegate.swift in Sources */,
				2B44BB7229B62140007ADC50 /* Extensions.swift in Sources */,
				2B1480C329A907AF00770445 /* SceneDelegate.swift in Sources */,
				2B1480D829A90F2400770445 /* UpcomingViewController.swift in Sources */,
				2B44BB7029B61737007ADC50 /* Title.swift in Sources */,
				2B1480D629A90EF500770445 /* HomeViewController.swift in Sources */,
				2B6EF90929BA3992008856FA /* TitleViewModel.swift in Sources */,
			);
			runOnlyForDeploymentPostprocessing = 0;
		};
/* End PBXSourcesBuildPhase section */

/* Begin PBXVariantGroup section */
		2B1480CB29A907B000770445 /* LaunchScreen.storyboard */ = {
			isa = PBXVariantGroup;
			children = (
				2B1480CC29A907B000770445 /* Base */,
			);
			name = LaunchScreen.storyboard;
			sourceTree = "<group>";
		};
/* End PBXVariantGroup section */

/* Begin XCBuildConfiguration section */
		2B1480CF29A907B000770445 /* Debug */ = {
			isa = XCBuildConfiguration;
			buildSettings = {
				ALWAYS_SEARCH_USER_PATHS = NO;
				CLANG_ANALYZER_NONNULL = YES;
				CLANG_ANALYZER_NUMBER_OBJECT_CONVERSION = YES_AGGRESSIVE;
				CLANG_CXX_LANGUAGE_STANDARD = "gnu++20";
				CLANG_ENABLE_MODULES = YES;
				CLANG_ENABLE_OBJC_ARC = YES;
				CLANG_ENABLE_OBJC_WEAK = YES;
				CLANG_WARN_BLOCK_CAPTURE_AUTORELEASING = YES;
				CLANG_WARN_BOOL_CONVERSION = YES;
				CLANG_WARN_COMMA = YES;
				CLANG_WARN_CONSTANT_CONVERSION = YES;
				CLANG_WARN_DEPRECATED_OBJC_IMPLEMENTATIONS = YES;
				CLANG_WARN_DIRECT_OBJC_ISA_USAGE = YES_ERROR;
				CLANG_WARN_DOCUMENTATION_COMMENTS = YES;
				CLANG_WARN_EMPTY_BODY = YES;
				CLANG_WARN_ENUM_CONVERSION = YES;
				CLANG_WARN_INFINITE_RECURSION = YES;
				CLANG_WARN_INT_CONVERSION = YES;
				CLANG_WARN_NON_LITERAL_NULL_CONVERSION = YES;
				CLANG_WARN_OBJC_IMPLICIT_RETAIN_SELF = YES;
				CLANG_WARN_OBJC_LITERAL_CONVERSION = YES;
				CLANG_WARN_OBJC_ROOT_CLASS = YES_ERROR;
				CLANG_WARN_QUOTED_INCLUDE_IN_FRAMEWORK_HEADER = YES;
				CLANG_WARN_RANGE_LOOP_ANALYSIS = YES;
				CLANG_WARN_STRICT_PROTOTYPES = YES;
				CLANG_WARN_SUSPICIOUS_MOVE = YES;
				CLANG_WARN_UNGUARDED_AVAILABILITY = YES_AGGRESSIVE;
				CLANG_WARN_UNREACHABLE_CODE = YES;
				CLANG_WARN__DUPLICATE_METHOD_MATCH = YES;
				COPY_PHASE_STRIP = NO;
				DEBUG_INFORMATION_FORMAT = dwarf;
				ENABLE_STRICT_OBJC_MSGSEND = YES;
				ENABLE_TESTABILITY = YES;
				GCC_C_LANGUAGE_STANDARD = gnu11;
				GCC_DYNAMIC_NO_PIC = NO;
				GCC_NO_COMMON_BLOCKS = YES;
				GCC_OPTIMIZATION_LEVEL = 0;
				GCC_PREPROCESSOR_DEFINITIONS = (
					"DEBUG=1",
					"$(inherited)",
				);
				GCC_WARN_64_TO_32_BIT_CONVERSION = YES;
				GCC_WARN_ABOUT_RETURN_TYPE = YES_ERROR;
				GCC_WARN_UNDECLARED_SELECTOR = YES;
				GCC_WARN_UNINITIALIZED_AUTOS = YES_AGGRESSIVE;
				GCC_WARN_UNUSED_FUNCTION = YES;
				GCC_WARN_UNUSED_VARIABLE = YES;
				IPHONEOS_DEPLOYMENT_TARGET = 16.2;
				MTL_ENABLE_DEBUG_INFO = INCLUDE_SOURCE;
				MTL_FAST_MATH = YES;
				ONLY_ACTIVE_ARCH = YES;
				SDKROOT = iphoneos;
				SWIFT_ACTIVE_COMPILATION_CONDITIONS = DEBUG;
				SWIFT_OPTIMIZATION_LEVEL = "-Onone";
			};
			name = Debug;
		};
		2B1480D029A907B000770445 /* Release */ = {
			isa = XCBuildConfiguration;
			buildSettings = {
				ALWAYS_SEARCH_USER_PATHS = NO;
				CLANG_ANALYZER_NONNULL = YES;
				CLANG_ANALYZER_NUMBER_OBJECT_CONVERSION = YES_AGGRESSIVE;
				CLANG_CXX_LANGUAGE_STANDARD = "gnu++20";
				CLANG_ENABLE_MODULES = YES;
				CLANG_ENABLE_OBJC_ARC = YES;
				CLANG_ENABLE_OBJC_WEAK = YES;
				CLANG_WARN_BLOCK_CAPTURE_AUTORELEASING = YES;
				CLANG_WARN_BOOL_CONVERSION = YES;
				CLANG_WARN_COMMA = YES;
				CLANG_WARN_CONSTANT_CONVERSION = YES;
				CLANG_WARN_DEPRECATED_OBJC_IMPLEMENTATIONS = YES;
				CLANG_WARN_DIRECT_OBJC_ISA_USAGE = YES_ERROR;
				CLANG_WARN_DOCUMENTATION_COMMENTS = YES;
				CLANG_WARN_EMPTY_BODY = YES;
				CLANG_WARN_ENUM_CONVERSION = YES;
				CLANG_WARN_INFINITE_RECURSION = YES;
				CLANG_WARN_INT_CONVERSION = YES;
				CLANG_WARN_NON_LITERAL_NULL_CONVERSION = YES;
				CLANG_WARN_OBJC_IMPLICIT_RETAIN_SELF = YES;
				CLANG_WARN_OBJC_LITERAL_CONVERSION = YES;
				CLANG_WARN_OBJC_ROOT_CLASS = YES_ERROR;
				CLANG_WARN_QUOTED_INCLUDE_IN_FRAMEWORK_HEADER = YES;
				CLANG_WARN_RANGE_LOOP_ANALYSIS = YES;
				CLANG_WARN_STRICT_PROTOTYPES = YES;
				CLANG_WARN_SUSPICIOUS_MOVE = YES;
				CLANG_WARN_UNGUARDED_AVAILABILITY = YES_AGGRESSIVE;
				CLANG_WARN_UNREACHABLE_CODE = YES;
				CLANG_WARN__DUPLICATE_METHOD_MATCH = YES;
				COPY_PHASE_STRIP = NO;
				DEBUG_INFORMATION_FORMAT = "dwarf-with-dsym";
				ENABLE_NS_ASSERTIONS = NO;
				ENABLE_STRICT_OBJC_MSGSEND = YES;
				GCC_C_LANGUAGE_STANDARD = gnu11;
				GCC_NO_COMMON_BLOCKS = YES;
				GCC_WARN_64_TO_32_BIT_CONVERSION = YES;
				GCC_WARN_ABOUT_RETURN_TYPE = YES_ERROR;
				GCC_WARN_UNDECLARED_SELECTOR = YES;
				GCC_WARN_UNINITIALIZED_AUTOS = YES_AGGRESSIVE;
				GCC_WARN_UNUSED_FUNCTION = YES;
				GCC_WARN_UNUSED_VARIABLE = YES;
				IPHONEOS_DEPLOYMENT_TARGET = 16.2;
				MTL_ENABLE_DEBUG_INFO = NO;
				MTL_FAST_MATH = YES;
				SDKROOT = iphoneos;
				SWIFT_COMPILATION_MODE = wholemodule;
				SWIFT_OPTIMIZATION_LEVEL = "-O";
				VALIDATE_PRODUCT = YES;
			};
			name = Release;
		};
		2B1480D229A907B000770445 /* Debug */ = {
			isa = XCBuildConfiguration;
			buildSettings = {
				ASSETCATALOG_COMPILER_APPICON_NAME = AppIcon;
				ASSETCATALOG_COMPILER_GLOBAL_ACCENT_COLOR_NAME = AccentColor;
				CODE_SIGN_STYLE = Automatic;
				CURRENT_PROJECT_VERSION = 1;
				DEVELOPMENT_TEAM = 36AUWU7GNT;
				GENERATE_INFOPLIST_FILE = YES;
				INFOPLIST_FILE = "Netflix Clone/Info.plist";
				INFOPLIST_KEY_UIApplicationSupportsIndirectInputEvents = YES;
				INFOPLIST_KEY_UILaunchStoryboardName = LaunchScreen;
				INFOPLIST_KEY_UISupportedInterfaceOrientations_iPad = "UIInterfaceOrientationPortrait UIInterfaceOrientationPortraitUpsideDown UIInterfaceOrientationLandscapeLeft UIInterfaceOrientationLandscapeRight";
				INFOPLIST_KEY_UISupportedInterfaceOrientations_iPhone = "UIInterfaceOrientationPortrait UIInterfaceOrientationLandscapeLeft UIInterfaceOrientationLandscapeRight";
				IPHONEOS_DEPLOYMENT_TARGET = 16.2;
				LD_RUNPATH_SEARCH_PATHS = (
					"$(inherited)",
					"@executable_path/Frameworks",
				);
				MARKETING_VERSION = 1.0;
				PRODUCT_BUNDLE_IDENTIFIER = "mesut.Netflix-Clone";
				PRODUCT_NAME = "$(TARGET_NAME)";
				SWIFT_EMIT_LOC_STRINGS = YES;
				SWIFT_VERSION = 5.0;
				TARGETED_DEVICE_FAMILY = "1,2";
			};
			name = Debug;
		};
		2B1480D329A907B000770445 /* Release */ = {
			isa = XCBuildConfiguration;
			buildSettings = {
				ASSETCATALOG_COMPILER_APPICON_NAME = AppIcon;
				ASSETCATALOG_COMPILER_GLOBAL_ACCENT_COLOR_NAME = AccentColor;
				CODE_SIGN_STYLE = Automatic;
				CURRENT_PROJECT_VERSION = 1;
				DEVELOPMENT_TEAM = 36AUWU7GNT;
				GENERATE_INFOPLIST_FILE = YES;
				INFOPLIST_FILE = "Netflix Clone/Info.plist";
				INFOPLIST_KEY_UIApplicationSupportsIndirectInputEvents = YES;
				INFOPLIST_KEY_UILaunchStoryboardName = LaunchScreen;
				INFOPLIST_KEY_UISupportedInterfaceOrientations_iPad = "UIInterfaceOrientationPortrait UIInterfaceOrientationPortraitUpsideDown UIInterfaceOrientationLandscapeLeft UIInterfaceOrientationLandscapeRight";
				INFOPLIST_KEY_UISupportedInterfaceOrientations_iPhone = "UIInterfaceOrientationPortrait UIInterfaceOrientationLandscapeLeft UIInterfaceOrientationLandscapeRight";
				IPHONEOS_DEPLOYMENT_TARGET = 16.2;
				LD_RUNPATH_SEARCH_PATHS = (
					"$(inherited)",
					"@executable_path/Frameworks",
				);
				MARKETING_VERSION = 1.0;
				PRODUCT_BUNDLE_IDENTIFIER = "mesut.Netflix-Clone";
				PRODUCT_NAME = "$(TARGET_NAME)";
				SWIFT_EMIT_LOC_STRINGS = YES;
				SWIFT_VERSION = 5.0;
				TARGETED_DEVICE_FAMILY = "1,2";
			};
			name = Release;
		};
/* End XCBuildConfiguration section */

/* Begin XCConfigurationList section */
		2B1480B829A907AF00770445 /* Build configuration list for PBXProject "Netflix Clone" */ = {
			isa = XCConfigurationList;
			buildConfigurations = (
				2B1480CF29A907B000770445 /* Debug */,
				2B1480D029A907B000770445 /* Release */,
			);
			defaultConfigurationIsVisible = 0;
			defaultConfigurationName = Release;
		};
		2B1480D129A907B000770445 /* Build configuration list for PBXNativeTarget "Netflix Clone" */ = {
			isa = XCConfigurationList;
			buildConfigurations = (
				2B1480D229A907B000770445 /* Debug */,
				2B1480D329A907B000770445 /* Release */,
			);
			defaultConfigurationIsVisible = 0;
			defaultConfigurationName = Release;
		};
/* End XCConfigurationList section */

/* Begin XCRemoteSwiftPackageReference section */
		2B27123D29B9540900C44844 /* XCRemoteSwiftPackageReference "SDWebImage" */ = {
			isa = XCRemoteSwiftPackageReference;
			repositoryURL = "https://github.com/SDWebImage/SDWebImage.git";
			requirement = {
				kind = upToNextMajorVersion;
				minimumVersion = 5.0.0;
			};
		};
/* End XCRemoteSwiftPackageReference section */

/* Begin XCSwiftPackageProductDependency section */
		2B27123E29B9540900C44844 /* SDWebImage */ = {
			isa = XCSwiftPackageProductDependency;
			package = 2B27123D29B9540900C44844 /* XCRemoteSwiftPackageReference "SDWebImage" */;
			productName = SDWebImage;
		};
		2B27124029B9540900C44844 /* SDWebImageMapKit */ = {
			isa = XCSwiftPackageProductDependency;
			package = 2B27123D29B9540900C44844 /* XCRemoteSwiftPackageReference "SDWebImage" */;
			productName = SDWebImageMapKit;
		};
/* End XCSwiftPackageProductDependency section */
	};
	rootObject = 2B1480B529A907AF00770445 /* Project object */;
}
